
Microsoft Visual Studio Solution File, Format Version 12.00
# Visual Studio Version 17
VisualStudioVersion = 17.14.36603.0 d17.14
MinimumVisualStudioVersion = 10.0.40219.1
Project("{FAE04EC0-301F-11D3-BF4B-00C04F79EFBC}") = "CRMApp", "CRMApp\CRMApp.csproj", "{5EE00828-9AED-4E80-8165-A741C8881BF4}"
EndProject
Global
	GlobalSection(SolutionConfigurationPlatforms) = preSolution
		Debug|Any CPU = Debug|Any CPU
		Release|Any CPU = Release|Any CPU
	EndGlobalSection
	GlobalSection(ProjectConfigurationPlatforms) = postSolution
		{5EE00828-9AED-4E80-8165-A741C8881BF4}.Debug|Any CPU.ActiveCfg = Debug|Any CPU
		{5EE00828-9AED-4E80-8165-A741C8881BF4}.Debug|Any CPU.Build.0 = Debug|Any CPU
		{5EE00828-9AED-4E80-8165-A741C8881BF4}.Release|Any CPU.ActiveCfg = Release|Any CPU
		{5EE00828-9AED-4E80-8165-A741C8881BF4}.Release|Any CPU.Build.0 = Release|Any CPU
	EndGlobalSection
	GlobalSection(SolutionProperties) = preSolution
		HideSolutionNode = FALSE
	EndGlobalSection
	GlobalSection(ExtensibilityGlobals) = postSolution
		SolutionGuid = {25D032D2-B07B-41BD-A01B-EFBFD88E054B}
	EndGlobalSection
EndGlobal
